{
    "_meta": {
        "hash": {
            "sha256": "fa4ef2f76e19aa3babb046a9d4e38dcdf6d160f4cdfce949b7aab03af7c70f74"
        },
        "pipfile-spec": 6,
        "requires": {
            "python_version": "3.12"
        },
        "sources": [
            {
                "name": "pypi",
                "url": "https://pypi.org/simple",
                "verify_ssl": true
            }
        ]
    },
    "default": {
        "av": {
            "hashes": [
                "sha256:02d2d80bdbe184f1f3f49b3f5eae7f0ff7cba0a62ab3b18be0505715e586ad29",
                "sha256:0701c116f32bd9478023f610722f6371d15ca0c068ff228d355f54a7cf23d9cb",
                "sha256:09f516947890dcf27482af2f0f7b31a579dbd11d5566dd74ce5f1f6396c452b7",
                "sha256:0d8b78a88f0fdaf6591bca32b41301e40ba60be294b0698318948c4d1fa6f206",
                "sha256:224087661cc20f0de052f05c2a47ff35eccd00702f8c8a4260fe5d469c6d591d",
                "sha256:247dd9a99d7ed3577b8c1e9977e811f423b04504ff36c9dcd7a4de3e6e5fe5ad",
                "sha256:25743a08b674596f3b993392259a4953a445b4211796d168c992174c983b76f0",
                "sha256:2ecd5df62b9697a9304a084fbfed13fa890ec9ba2f647aaed35dca291991c7b1",
                "sha256:383f1b57520d790069d85fc75f43cfa32fca07f5fb3fb842be37bd596638602c",
                "sha256:4a110aecebd7daef08f8be68ac9d6540f716a492f1994886a65eab9d19de39e2",
                "sha256:56a53fe4e09bebd99355eaa0ce221b681eaf205bdda114f5e17fb79f3c3746ad",
                "sha256:5758231163b5486dfbf664036be010b7f5ebb24564aaeb62577464be5ea996e0",
                "sha256:57fb6232494ec575b8e78e5a9ef9b811d78f8d67324476ec8430ca3146751124",
                "sha256:5877f9dacf04bba9e966e0feb707e0fc2955476dc50cc6de5707604f51440e1b",
                "sha256:5abc363915c0bb4d5973e41095881ce7dd715fc921e8366732a6b1a2e91f928a",
                "sha256:5b300f824a7ca1854ca29a37265281fa07d3dd0f69a6d2ff55d4c54ee3d734e2",
                "sha256:5bcf99da2b1c67ed6b6a0d070cc218eccf05698fc960db9b8f42d36779714294",
                "sha256:5d14f6cea6c4966d5478a50555fa92af4948f83e7843b63b747d4a451c53d4f1",
                "sha256:601d9b0740e47a17ec96ba2a537ebfd4d6edc859ae6f298475c06caa51f0a019",
                "sha256:603f3ae751f6678df5d8b949f92c6f8257064bba8b3e8db606a24c29d31b4e25",
                "sha256:679720aba7540a974a7911a20cce5d0fd2c32a8ae3f7371283b9361140b8d0bb",
                "sha256:682686a9ea2745e63c8878641ec26b1787b9210533f3e945a6e07e24ab788c2e",
                "sha256:710ad0307da524be553db123c0681edadb5cefc15baa49cf25217364fb7a80b5",
                "sha256:7156d1b326e328aaba7f10a0d89bec53d087aba16f4c5c7ae13890b9eefde972",
                "sha256:77deaec8943abfebd4e262924f2f452d6594cf0bc67d8d98aac0462b476e4182",
                "sha256:801a3e0afd5c36df70d012d083bfca67ab22d0ebd2c860c0d9432ac875bc0ad6",
                "sha256:84e2ede9459e64e768f4bc56d9df65da9e94b704ee3eccfe2e5b1da1da754313",
                "sha256:871c1a9becddf00b60b1294dc0bff9ff193ac31286aeec1a34039bd27e650183",
                "sha256:886a73abb874d8f1813d750714ea271ecc6c1e1b489e4d8381cdd4e1ab3fced2",
                "sha256:908e2fb4358210a463f81e2dbfac77d5977cc53a400fea3f6decef6f9f9267e4",
                "sha256:911fe092b1c75c35d3e9d836b750ff725599a343b6126449cb2c1b4aa8ac2792",
                "sha256:9473ed92d6942c5a449a2c79d49f3425eb0272499d1a3559b32c1181ff736a08",
                "sha256:acb4e4aa6bb394d3a9e60feb4cb7a856fc7bac01f3c99019b1d0f11c898c682c",
                "sha256:ad7faa2b906954fd75fa9d3b52c81cdf9a1b202df305de34456a2a1d4aee625f",
                "sha256:cb7a85b4fe853a9c2725cdf02f457221fcc24f0391c8333b25a3a889e16ff26d",
                "sha256:d275d3015ab13aadc7bf38df3b2398ad992e30b1685cd350fd46c71913e98af4",
                "sha256:d5e97791b96741b344bf6dbea4fb14481c117b1f7fe8113721e8d80e26cbb388",
                "sha256:e021f67e0db7256c9f5d3d6a2a4237a4a4a804b131b33e7f2778981070519b20",
                "sha256:e1a8d63fa3af2136c70e330a9845a4a2314d936c8a487760598ed7692024cc93",
                "sha256:e2a5f0d1817ab73370fdb35e2e2ecd4c2e5a45d43b8d96d5ae8dfe86098fb9b3",
                "sha256:e3c841befff26823524f3260d29fb3162540535c43238587b24226d345c82af3",
                "sha256:eb19386466aafbac4ede549ed7dc6198714e8d35ecc238d5b5c0d91e770d53d4",
                "sha256:f20c7565ad9aed8a5e3ca7ed30b151d4d8a937e072b6a4901c3200134fe7c68b",
                "sha256:f483c1dcefe1bb9b96bc5813b57acf03d13c717aea477088e26119392c53aa81",
                "sha256:fc50a7d5f60109221ccf44f8fa4c56ce73f22948b7f19b1717fcc58f7fbc383e",
                "sha256:fe50ddab68af27bb9f7123dac5b1ff43ee8c7d941499c625018f3cac7da01ff3"
            ],
            "markers": "python_version >= '3.9'",
            "version": "==15.0.0"
        },
        "certifi": {
            "hashes": [
                "sha256:e564105f78ded564e3ae7c923924435e1daa7463faeab5bb932bc53ffae63407",
                "sha256:f6c12493cfb1b06ba2ff328595af9350c65d6644968e5d3a2ffd78699af217a5"
            ],
            "markers": "python_version >= '3.7'",
            "version": "==2025.8.3"
        },
        "charset-normalizer": {
            "hashes": [
                "sha256:005fa3432484527f9732ebd315da8da8001593e2cf46a3d817669f062c3d9ed4",
                "sha256:046595208aae0120559a67693ecc65dd75d46f7bf687f159127046628178dc45",
                "sha256:0c29de6a1a95f24b9a1aa7aefd27d2487263f00dfd55a77719b530788f75cff7",
                "sha256:0c8c57f84ccfc871a48a47321cfa49ae1df56cd1d965a09abe84066f6853b9c0",
                "sha256:0f5d9ed7f254402c9e7d35d2f5972c9bbea9040e99cd2861bd77dc68263277c7",
                "sha256:18dd2e350387c87dabe711b86f83c9c78af772c748904d372ade190b5c7c9d4d",
                "sha256:1b1bde144d98e446b056ef98e59c256e9294f6b74d7af6846bf5ffdafd687a7d",
                "sha256:1c95a1e2902a8b722868587c0e1184ad5c55631de5afc0eb96bc4b0d738092c0",
                "sha256:1cad5f45b3146325bb38d6855642f6fd609c3f7cad4dbaf75549bf3b904d3184",
                "sha256:21b2899062867b0e1fde9b724f8aecb1af14f2778d69aacd1a5a1853a597a5db",
                "sha256:24498ba8ed6c2e0b56d4acbf83f2d989720a93b41d712ebd4f4979660db4417b",
                "sha256:25a23ea5c7edc53e0f29bae2c44fcb5a1aa10591aae107f2a2b2583a9c5cbc64",
                "sha256:289200a18fa698949d2b39c671c2cc7a24d44096784e76614899a7ccf2574b7b",
                "sha256:28a1005facc94196e1fb3e82a3d442a9d9110b8434fc1ded7a24a2983c9888d8",
                "sha256:32fc0341d72e0f73f80acb0a2c94216bd704f4f0bce10aedea38f30502b271ff",
                "sha256:36b31da18b8890a76ec181c3cf44326bf2c48e36d393ca1b72b3f484113ea344",
                "sha256:3c21d4fca343c805a52c0c78edc01e3477f6dd1ad7c47653241cf2a206d4fc58",
                "sha256:3fddb7e2c84ac87ac3a947cb4e66d143ca5863ef48e4a5ecb83bd48619e4634e",
                "sha256:43e0933a0eff183ee85833f341ec567c0980dae57c464d8a508e1b2ceb336471",
                "sha256:4a476b06fbcf359ad25d34a057b7219281286ae2477cc5ff5e3f70a246971148",
                "sha256:4e594135de17ab3866138f496755f302b72157d115086d100c3f19370839dd3a",
                "sha256:50bf98d5e563b83cc29471fa114366e6806bc06bc7a25fd59641e41445327836",
                "sha256:5a9979887252a82fefd3d3ed2a8e3b937a7a809f65dcb1e068b090e165bbe99e",
                "sha256:5baececa9ecba31eff645232d59845c07aa030f0c81ee70184a90d35099a0e63",
                "sha256:5bf4545e3b962767e5c06fe1738f951f77d27967cb2caa64c28be7c4563e162c",
                "sha256:6333b3aa5a12c26b2a4d4e7335a28f1475e0e5e17d69d55141ee3cab736f66d1",
                "sha256:65c981bdbd3f57670af8b59777cbfae75364b483fa8a9f420f08094531d54a01",
                "sha256:68a328e5f55ec37c57f19ebb1fdc56a248db2e3e9ad769919a58672958e8f366",
                "sha256:6a0289e4589e8bdfef02a80478f1dfcb14f0ab696b5a00e1f4b8a14a307a3c58",
                "sha256:6b66f92b17849b85cad91259efc341dce9c1af48e2173bf38a85c6329f1033e5",
                "sha256:6c9379d65defcab82d07b2a9dfbfc2e95bc8fe0ebb1b176a3190230a3ef0e07c",
                "sha256:6fc1f5b51fa4cecaa18f2bd7a003f3dd039dd615cd69a2afd6d3b19aed6775f2",
                "sha256:70f7172939fdf8790425ba31915bfbe8335030f05b9913d7ae00a87d4395620a",
                "sha256:721c76e84fe669be19c5791da68232ca2e05ba5185575086e384352e2c309597",
                "sha256:7222ffd5e4de8e57e03ce2cef95a4c43c98fcb72ad86909abdfc2c17d227fc1b",
                "sha256:75d10d37a47afee94919c4fab4c22b9bc2a8bf7d4f46f87363bcf0573f3ff4f5",
                "sha256:76af085e67e56c8816c3ccf256ebd136def2ed9654525348cfa744b6802b69eb",
                "sha256:770cab594ecf99ae64c236bc9ee3439c3f46be49796e265ce0cc8bc17b10294f",
                "sha256:7a6ab32f7210554a96cd9e33abe3ddd86732beeafc7a28e9955cdf22ffadbab0",
                "sha256:7c48ed483eb946e6c04ccbe02c6b4d1d48e51944b6db70f697e089c193404941",
                "sha256:7f56930ab0abd1c45cd15be65cc741c28b1c9a34876ce8c17a2fa107810c0af0",
                "sha256:8075c35cd58273fee266c58c0c9b670947c19df5fb98e7b66710e04ad4e9ff86",
                "sha256:8272b73e1c5603666618805fe821edba66892e2870058c94c53147602eab29c7",
                "sha256:82d8fd25b7f4675d0c47cf95b594d4e7b158aca33b76aa63d07186e13c0e0ab7",
                "sha256:844da2b5728b5ce0e32d863af26f32b5ce61bc4273a9c720a9f3aa9df73b1455",
                "sha256:8755483f3c00d6c9a77f490c17e6ab0c8729e39e6390328e42521ef175380ae6",
                "sha256:915f3849a011c1f593ab99092f3cecfcb4d65d8feb4a64cf1bf2d22074dc0ec4",
                "sha256:926ca93accd5d36ccdabd803392ddc3e03e6d4cd1cf17deff3b989ab8e9dbcf0",
                "sha256:982bb1e8b4ffda883b3d0a521e23abcd6fd17418f6d2c4118d257a10199c0ce3",
                "sha256:98f862da73774290f251b9df8d11161b6cf25b599a66baf087c1ffe340e9bfd1",
                "sha256:9cbfacf36cb0ec2897ce0ebc5d08ca44213af24265bd56eca54bee7923c48fd6",
                "sha256:a370b3e078e418187da8c3674eddb9d983ec09445c99a3a263c2011993522981",
                "sha256:a955b438e62efdf7e0b7b52a64dc5c3396e2634baa62471768a64bc2adb73d5c",
                "sha256:aa6af9e7d59f9c12b33ae4e9450619cf2488e2bbe9b44030905877f0b2324980",
                "sha256:aa88ca0b1932e93f2d961bf3addbb2db902198dca337d88c89e1559e066e7645",
                "sha256:aaeeb6a479c7667fbe1099af9617c83aaca22182d6cf8c53966491a0f1b7ffb7",
                "sha256:aaf27faa992bfee0264dc1f03f4c75e9fcdda66a519db6b957a3f826e285cf12",
                "sha256:b2680962a4848b3c4f155dc2ee64505a9c57186d0d56b43123b17ca3de18f0fa",
                "sha256:b2d318c11350e10662026ad0eb71bb51c7812fc8590825304ae0bdd4ac283acd",
                "sha256:b33de11b92e9f75a2b545d6e9b6f37e398d86c3e9e9653c4864eb7e89c5773ef",
                "sha256:b3daeac64d5b371dea99714f08ffc2c208522ec6b06fbc7866a450dd446f5c0f",
                "sha256:be1e352acbe3c78727a16a455126d9ff83ea2dfdcbc83148d2982305a04714c2",
                "sha256:bee093bf902e1d8fc0ac143c88902c3dfc8941f7ea1d6a8dd2bcb786d33db03d",
                "sha256:c72fbbe68c6f32f251bdc08b8611c7b3060612236e960ef848e0a517ddbe76c5",
                "sha256:c9e36a97bee9b86ef9a1cf7bb96747eb7a15c2f22bdb5b516434b00f2a599f02",
                "sha256:cddf7bd982eaa998934a91f69d182aec997c6c468898efe6679af88283b498d3",
                "sha256:cf713fe9a71ef6fd5adf7a79670135081cd4431c2943864757f0fa3a65b1fafd",
                "sha256:d11b54acf878eef558599658b0ffca78138c8c3655cf4f3a4a673c437e67732e",
                "sha256:d41c4d287cfc69060fa91cae9683eacffad989f1a10811995fa309df656ec214",
                "sha256:d524ba3f1581b35c03cb42beebab4a13e6cdad7b36246bd22541fa585a56cccd",
                "sha256:daac4765328a919a805fa5e2720f3e94767abd632ae410a9062dff5412bae65a",
                "sha256:db4c7bf0e07fc3b7d89ac2a5880a6a8062056801b83ff56d8464b70f65482b6c",
                "sha256:dc7039885fa1baf9be153a0626e337aa7ec8bf96b0128605fb0d77788ddc1681",
                "sha256:dccab8d5fa1ef9bfba0590ecf4d46df048d18ffe3eec01eeb73a42e0d9e7a8ba",
                "sha256:dedb8adb91d11846ee08bec4c8236c8549ac721c245678282dcb06b221aab59f",
                "sha256:e45ba65510e2647721e35323d6ef54c7974959f6081b58d4ef5d87c60c84919a",
                "sha256:e53efc7c7cee4c1e70661e2e112ca46a575f90ed9ae3fef200f2a25e954f4b28",
                "sha256:e635b87f01ebc977342e2697d05b56632f5f879a4f15955dfe8cef2448b51691",
                "sha256:e70e990b2137b29dc5564715de1e12701815dacc1d056308e2b17e9095372a82",
                "sha256:e8082b26888e2f8b36a042a58307d5b917ef2b1cacab921ad3323ef91901c71a",
                "sha256:e8323a9b031aa0393768b87f04b4164a40037fb2a3c11ac06a03ffecd3618027",
                "sha256:e92fca20c46e9f5e1bb485887d074918b13543b1c2a1185e69bb8d17ab6236a7",
                "sha256:eb30abc20df9ab0814b5a2524f23d75dcf83cde762c161917a2b4b7b55b1e518",
                "sha256:eba9904b0f38a143592d9fc0e19e2df0fa2e41c3c3745554761c5f6447eedabf",
                "sha256:ef8de666d6179b009dce7bcb2ad4c4a779f113f12caf8dc77f0162c29d20490b",
                "sha256:efd387a49825780ff861998cd959767800d54f8308936b21025326de4b5a42b9",
                "sha256:f0aa37f3c979cf2546b73e8222bbfa3dc07a641585340179d768068e3455e544",
                "sha256:f4074c5a429281bf056ddd4c5d3b740ebca4d43ffffe2ef4bf4d2d05114299da",
                "sha256:f69a27e45c43520f5487f27627059b64aaf160415589230992cec34c5e18a509",
                "sha256:fb707f3e15060adf5b7ada797624a6c6e0138e2a26baa089df64c68ee98e040f",
                "sha256:fcbe676a55d7445b22c10967bceaaf0ee69407fbe0ece4d032b6eb8d4565982a",
                "sha256:fdb20a30fe1175ecabed17cbf7812f7b804b8a315a25f24678bcdf120a90077f"
            ],
            "markers": "python_version >= '3.7'",
            "version": "==3.4.2"
        },
        "coloredlogs": {
            "hashes": [
                "sha256:612ee75c546f53e92e70049c9dbfcc18c935a2b9a53b66085ce9ef6a6e5c0934",
                "sha256:7c991aa71a4577af2f82600d8f8f3a89f936baeaf9b50a9c197da014e5bf16b0"
            ],
            "markers": "python_version >= '2.7' and python_version not in '3.0, 3.1, 3.2, 3.3, 3.4'",
            "version": "==15.0.1"
        },
        "ctranslate2": {
            "hashes": [
                "sha256:00097c52bf6be97f753e39bc7399f23bdf9803df942094b8cecdd8432f0335d5",
                "sha256:039aa6cc3ed662931a60dec0be28abeaaceb3cc6f476060b8017a7a39a54a9f6",
                "sha256:06b2ca5c2905b540dd833a0b75d912ec9acc18d33a2dc4f85f12032851659a0d",
                "sha256:0ac5a714890e9f5f6876005c8a8fb2bdf9bec88437c38ff3efd71bd65333519d",
                "sha256:2ebaae12ade184a235569235a875cf03d53b07732342f93b96ae76ef02c31961",
                "sha256:2f80538ce0f619540499b505747179ee5e86a5c9b80361c1582f7c725d660509",
                "sha256:3bf04cb9d1990b97a122137410dc6e93c7e24683f243218ef334afc0f5f6c030",
                "sha256:44bf4b973ea985b80696093e11e9c72909aee55b35abb749428333822c70ce68",
                "sha256:511cdf810a5bf6a2cec735799e5cd47966e63f8f7688fdee1b97fed621abda00",
                "sha256:6283ffe63831b980282ff64ab845c62c7ef771f2ce06cb34825fd7578818bf07",
                "sha256:6ed15383afc9d4e448d4090389f06c141a5ce1510e610c1aa7021332cfbc97f1",
                "sha256:78a844c633b6d450b20adac296f7f60ac2a67f2c76e510a83c8916835dc13f04",
                "sha256:79e4f2e8ea7f24797c80e0f4593d30447ef8da9036ebb4402b7f6c54687b7a46",
                "sha256:865649cebae240fe8c5b3e868354ea6c611d2ec17f335848caf890fca6c62d71",
                "sha256:9bf6b954ca9a2d82d5d0f701eaf980c00ef58998aea71ce0b1c4f9ed3cc66c4d",
                "sha256:9f4691a66cb7b9ffb04ebff4291055c20223449a6534c4a52b7432b0853946d0",
                "sha256:a719cd765ec10fe20f9a866093e777a000fd926a0bf235c7921f12c84befb443",
                "sha256:aeadeb7fd11f37ec96b40952402ce35ee7d214b09e1634fb11934f7d5e4ad1d7",
                "sha256:af555c75cb9a9cc6c385f38680b92fa426761cf690e4479b1e962e2b17e02972",
                "sha256:b5da5eee549db5137e9082fa7b479bd8bf273d9a961afdf3f8ecff2527fdf71e",
                "sha256:bc3c4c9ab59de1f05e78d0c37dc4cce58b55ed7760d0e12dc3de51d4b647cd02",
                "sha256:f88fb05d6d22d702ecb2bb6eb236b77e0c55a6b577d4116bb697c6f509aa98c0",
                "sha256:f99502996361f7dc35f00b95a01e414c8d8ff75b8a58da97e378ceb5560689ae",
                "sha256:fbee3bc08f63b263b942631f1d49af9c27851ce1796ac8f69aa6c1048513878f",
                "sha256:ff3ad05010857d450ee40fd9c28a33c10215a7180e189151e378ed2d19be8a57"
            ],
            "markers": "python_version >= '3.9'",
            "version": "==4.6.0"
        },
        "faster-whisper": {
            "hashes": [
                "sha256:56b20d616a575049a79f33b04f02db0868ce38c5d057a0b816d36ca59a6d2598",
                "sha256:e5535628fe93b5123029b410fd8edba2d28f8cee9f8fff8119138e5a9d81afbe"
            ],
            "index": "pypi",
            "markers": "python_version >= '3.9'",
            "version": "==1.2.0"
        },
        "ffmpeg-python": {
            "hashes": [
                "sha256:65225db34627c578ef0e11c8b1eb528bb35e024752f6f10b78c011f6f64c4127",
                "sha256:ac441a0404e053f8b6a1113a77c0f452f1cfc62f6344a769475ffdc0f56c23c5"
            ],
            "index": "pypi",
            "version": "==0.2.0"
        },
        "filelock": {
            "hashes": [
                "sha256:adbc88eabb99d2fec8c9c1b229b171f18afa655400173ddc653d5d01501fb9f2",
                "sha256:c401f4f8377c4464e6db25fff06205fd89bdd83b65eb0488ed1b160f780e21de"
            ],
            "markers": "python_version >= '3.9'",
            "version": "==3.18.0"
        },
        "flatbuffers": {
            "hashes": [
                "sha256:97e451377a41262f8d9bd4295cc836133415cc03d8cb966410a4af92eb00d26e",
                "sha256:ebba5f4d5ea615af3f7fd70fc310636fbb2bbd1f566ac0a23d98dd412de50051"
            ],
            "version": "==25.2.10"
        },
        "fsspec": {
            "hashes": [
                "sha256:786120687ffa54b8283d942929540d8bc5ccfa820deb555a2b5d0ed2b737bf58",
                "sha256:8b012e39f63c7d5f10474de957f3ab793b47b45ae7d39f2fb735f8bbe25c0e21"
            ],
            "markers": "python_version >= '3.9'",
            "version": "==2025.7.0"
        },
        "future": {
            "hashes": [
                "sha256:929292d34f5872e70396626ef385ec22355a1fae8ad29e1a734c3e43f9fbc216",
                "sha256:bd2968309307861edae1458a4f8a4f3598c03be43b97521076aebf5d94c07b05"
            ],
            "markers": "python_version >= '2.6' and python_version not in '3.0, 3.1, 3.2'",
            "version": "==1.0.0"
        },
        "hf-xet": {
            "hashes": [
                "sha256:18b61bbae92d56ae731b92087c44efcac216071182c603fc535f8e29ec4b09b8",
                "sha256:20cec8db4561338824a3b5f8c19774055b04a8df7fff0cb1ff2cb1a0c1607b80",
                "sha256:2e356da7d284479ae0f1dea3cf5a2f74fdf925d6dca84ac4341930d892c7cb34",
                "sha256:60dae4b44d520819e54e216a2505685248ec0adbdb2dd4848b17aa85a0375cde",
                "sha256:6efaaf1a5a9fc3a501d3e71e88a6bfebc69ee3a716d0e713a931c8b8d920038f",
                "sha256:713f2bff61b252f8523739969f247aa354ad8e6d869b8281e174e2ea1bb8d604",
                "sha256:751571540f9c1fbad9afcf222a5fb96daf2384bf821317b8bfb0c59d86078513",
                "sha256:b109f4c11e01c057fc82004c9e51e6cdfe2cb230637644ade40c599739067b2e"
            ],
            "markers": "python_version >= '3.8'",
            "version": "==1.1.7"
        },
        "huggingface-hub": {
            "hashes": [
                "sha256:9b365d781739c93ff90c359844221beef048403f1bc1f1c123c191257c3c890a",
                "sha256:a4228daa6fb001be3f4f4bdaf9a0db00e1739235702848df00885c9b5742c85c"
            ],
            "markers": "python_full_version >= '3.8.0'",
            "version": "==0.34.4"
        },
        "humanfriendly": {
            "hashes": [
                "sha256:1697e1a8a8f550fd43c2865cd84542fc175a61dcb779b6fee18cf6b6ccba1477",
                "sha256:6b0b831ce8f15f7300721aa49829fc4e83921a9a301cc7f606be6686a2288ddc"
            ],
            "markers": "python_version >= '2.7' and python_version not in '3.0, 3.1, 3.2, 3.3, 3.4'",
            "version": "==10.0"
        },
        "idna": {
            "hashes": [
                "sha256:12f65c9b470abda6dc35cf8e63cc574b1c52b11df2c86030af0ac09b01b13ea9",
                "sha256:946d195a0d259cbba61165e88e65941f16e9b36ea6ddb97f00452bae8b1287d3"
            ],
            "markers": "python_version >= '3.6'",
            "version": "==3.10"
        },
        "mpmath": {
            "hashes": [
                "sha256:7a28eb2a9774d00c7bc92411c19a89209d5da7c4c9a9e227be8330a23a25b91f",
                "sha256:a0b2b9fe80bbcd81a6647ff13108738cfb482d481d826cc0e02f5b35e5c88d2c"
            ],
            "version": "==1.3.0"
        },
        "numpy": {
            "hashes": [
                "sha256:07b62978075b67eee4065b166d000d457c82a1efe726cce608b9db9dd66a73a5",
                "sha256:087ffc25890d89a43536f75c5fe8770922008758e8eeeef61733957041ed2f9b",
                "sha256:092aeb3449833ea9c0bf0089d70c29ae480685dd2377ec9cdbbb620257f84631",
                "sha256:095737ed986e00393ec18ec0b21b47c22889ae4b0cd2d5e88342e08b01141f58",
                "sha256:0a4f2021a6da53a0d580d6ef5db29947025ae8b35b3250141805ea9a32bbe86b",
                "sha256:103ea7063fa624af04a791c39f97070bf93b96d7af7eb23530cd087dc8dbe9dc",
                "sha256:11e58218c0c46c80509186e460d79fbdc9ca1eb8d8aee39d8f2dc768eb781089",
                "sha256:122bf5ed9a0221b3419672493878ba4967121514b1d7d4656a7580cd11dddcbf",
                "sha256:14a91ebac98813a49bc6aa1a0dfc09513dcec1d97eaf31ca21a87221a1cdcb15",
                "sha256:1f91e5c028504660d606340a084db4b216567ded1056ea2b4be4f9d10b67197f",
                "sha256:20b8200721840f5621b7bd03f8dcd78de33ec522fc40dc2641aa09537df010c3",
                "sha256:240259d6564f1c65424bcd10f435145a7644a65a6811cfc3201c4a429ba79170",
                "sha256:2738534837c6a1d0c39340a190177d7d66fdf432894f469728da901f8f6dc910",
                "sha256:27c9f90e7481275c7800dc9c24b7cc40ace3fdb970ae4d21eaff983a32f70c91",
                "sha256:293b2192c6bcce487dbc6326de5853787f870aeb6c43f8f9c6496db5b1781e45",
                "sha256:2c3271cc4097beb5a60f010bcc1cc204b300bb3eafb4399376418a83a1c6373c",
                "sha256:2f4f0215edb189048a3c03bd5b19345bdfa7b45a7a6f72ae5945d2a28272727f",
                "sha256:3dcf02866b977a38ba3ec10215220609ab9667378a9e2150615673f3ffd6c73b",
                "sha256:4209f874d45f921bde2cff1ffcd8a3695f545ad2ffbef6d3d3c6768162efab89",
                "sha256:448a66d052d0cf14ce9865d159bfc403282c9bc7bb2a31b03cc18b651eca8b1a",
                "sha256:4ae6863868aaee2f57503c7a5052b3a2807cf7a3914475e637a0ecd366ced220",
                "sha256:4d002ecf7c9b53240be3bb69d80f86ddbd34078bae04d87be81c1f58466f264e",
                "sha256:4e6ecfeddfa83b02318f4d84acf15fbdbf9ded18e46989a15a8b6995dfbf85ab",
                "sha256:508b0eada3eded10a3b55725b40806a4b855961040180028f52580c4729916a2",
                "sha256:546aaf78e81b4081b2eba1d105c3b34064783027a06b3ab20b6eba21fb64132b",
                "sha256:572d5512df5470f50ada8d1972c5f1082d9a0b7aa5944db8084077570cf98370",
                "sha256:5ad4ebcb683a1f99f4f392cc522ee20a18b2bb12a2c1c42c3d48d5a1adc9d3d2",
                "sha256:66459dccc65d8ec98cc7df61307b64bf9e08101f9598755d42d8ae65d9a7a6ee",
                "sha256:6936aff90dda378c09bea075af0d9c675fe3a977a9d2402f95a87f440f59f619",
                "sha256:69779198d9caee6e547adb933941ed7520f896fd9656834c300bdf4dd8642712",
                "sha256:6f1ae3dcb840edccc45af496f312528c15b1f79ac318169d094e85e4bb35fdf1",
                "sha256:71669b5daae692189540cffc4c439468d35a3f84f0c88b078ecd94337f6cb0ec",
                "sha256:72c6df2267e926a6d5286b0a6d556ebe49eae261062059317837fda12ddf0c1a",
                "sha256:72dbebb2dcc8305c431b2836bcc66af967df91be793d63a24e3d9b741374c450",
                "sha256:754d6755d9a7588bdc6ac47dc4ee97867271b17cee39cb87aef079574366db0a",
                "sha256:76c3e9501ceb50b2ff3824c3589d5d1ab4ac857b0ee3f8f49629d0de55ecf7c2",
                "sha256:7a0e27186e781a69959d0230dd9909b5e26024f8da10683bd6344baea1885168",
                "sha256:7d6e390423cc1f76e1b8108c9b6889d20a7a1f59d9a60cac4a050fa734d6c1e2",
                "sha256:8145dd6d10df13c559d1e4314df29695613575183fa2e2d11fac4c208c8a1f73",
                "sha256:8446acd11fe3dc1830568c941d44449fd5cb83068e5c70bd5a470d323d448296",
                "sha256:852ae5bed3478b92f093e30f785c98e0cb62fa0a939ed057c31716e18a7a22b9",
                "sha256:87c930d52f45df092f7578889711a0768094debf73cfcde105e2d66954358125",
                "sha256:8b1224a734cd509f70816455c3cffe13a4f599b1bf7130f913ba0e2c0b2006c0",
                "sha256:8dc082ea901a62edb8f59713c6a7e28a85daddcb67454c839de57656478f5b19",
                "sha256:906a30249315f9c8e17b085cc5f87d3f369b35fedd0051d4a84686967bdbbd0b",
                "sha256:938065908d1d869c7d75d8ec45f735a034771c6ea07088867f713d1cd3bbbe4f",
                "sha256:9c144440db4bf3bb6372d2c3e49834cc0ff7bb4c24975ab33e01199e645416f2",
                "sha256:9e196ade2400c0c737d93465327d1ae7c06c7cb8a1756121ebf54b06ca183c7f",
                "sha256:a3ef07ec8cbc8fc9e369c8dcd52019510c12da4de81367d8b20bc692aa07573a",
                "sha256:a7af9ed2aa9ec5950daf05bb11abc4076a108bd3c7db9aa7251d5f107079b6a6",
                "sha256:a9f66e7d2b2d7712410d3bc5684149040ef5f19856f20277cd17ea83e5006286",
                "sha256:aa098a5ab53fa407fded5870865c6275a5cd4101cfdef8d6fafc48286a96e981",
                "sha256:af58de8745f7fa9ca1c0c7c943616c6fe28e75d0c81f5c295810e3c83b5be92f",
                "sha256:b05a89f2fb84d21235f93de47129dd4f11c16f64c87c33f5e284e6a3a54e43f2",
                "sha256:b5e40e80299607f597e1a8a247ff8d71d79c5b52baa11cc1cce30aa92d2da6e0",
                "sha256:b9d0878b21e3918d76d2209c924ebb272340da1fb51abc00f986c258cd5e957b",
                "sha256:bc3186bea41fae9d8e90c2b4fb5f0a1f5a690682da79b92574d63f56b529080b",
                "sha256:c63d95dc9d67b676e9108fe0d2182987ccb0f11933c1e8959f42fa0da8d4fa56",
                "sha256:c771cfac34a4f2c0de8e8c97312d07d64fd8f8ed45bc9f5726a7e947270152b5",
                "sha256:c8d9727f5316a256425892b043736d63e89ed15bbfe6556c5ff4d9d4448ff3b3",
                "sha256:cbc95b3813920145032412f7e33d12080f11dc776262df1712e1638207dde9e8",
                "sha256:cefc2219baa48e468e3db7e706305fcd0c095534a192a08f31e98d83a7d45fb0",
                "sha256:d95f59afe7f808c103be692175008bab926b59309ade3e6d25009e9a171f7036",
                "sha256:dd937f088a2df683cbb79dda9a772b62a3e5a8a7e76690612c2737f38c6ef1b6",
                "sha256:de6ea4e5a65d5a90c7d286ddff2b87f3f4ad61faa3db8dabe936b34c2275b6f8",
                "sha256:e0486a11ec30cdecb53f184d496d1c6a20786c81e55e41640270130056f8ee48",
                "sha256:ee807923782faaf60d0d7331f5e86da7d5e3079e28b291973c545476c2b00d07",
                "sha256:efc81393f25f14d11c9d161e46e6ee348637c0a1e8a54bf9dedc472a3fae993b",
                "sha256:f0a1a8476ad77a228e41619af2fa9505cf69df928e9aaa165746584ea17fed2b",
                "sha256:f75018be4980a7324edc5930fe39aa391d5734531b1926968605416ff58c332d",
                "sha256:f92d6c2a8535dc4fe4419562294ff957f83a16ebdec66df0805e473ffaad8bd0",
                "sha256:fb1752a3bb9a3ad2d6b090b88a9a0ae1cd6f004ef95f75825e2f382c183b2097",
                "sha256:fc927d7f289d14f5e037be917539620603294454130b6de200091e23d27dc9be",
                "sha256:fed5527c4cf10f16c6d0b6bee1f89958bccb0ad2522c8cadc2efd318bcd545f5"
            ],
            "markers": "python_version >= '3.11'",
            "version": "==2.3.2"
        },
        "onnxruntime": {
            "hashes": [
                "sha256:01e2f21b2793eb0c8642d2be3cee34cc7d96b85f45f6615e4e220424158877ce",
                "sha256:2d39a530aff1ec8d02e365f35e503193991417788641b184f5b1e8c9a6d5ce8d",
                "sha256:33a7980bbc4b7f446bac26c3785652fe8730ed02617d765399e89ac7d44e0f7d",
                "sha256:460487d83b7056ba98f1f7bac80287224c31d8149b15712b0d6f5078fcc33d0f",
                "sha256:6a64291d57ea966a245f749eb970f4fa05a64d26672e05a83fdb5db6b7d62f87",
                "sha256:6e7e823624b015ea879d976cbef8bfaed2f7e2cc233d7506860a76dd37f8f381",
                "sha256:70980d729145a36a05f74b573435531f55ef9503bcda81fc6c3d6b9306199982",
                "sha256:7ae7526cf10f93454beb0f751e78e5cb7619e3b92f9fc3bd51aa6f3b7a8977e5",
                "sha256:80e7f51da1f5201c1379b8d6ef6170505cd800e40da216290f5e06be01aadf95",
                "sha256:984cea2a02fcc5dfea44ade9aca9fe0f7a8a2cd6f77c258fc4388238618f3928",
                "sha256:a938d11c0dc811badf78e435daa3899d9af38abee950d87f3ab7430eb5b3cf5a",
                "sha256:b0c37070268ba4e02a1a9d28560cd00cd1e94f0d4f275cbef283854f861a65fa",
                "sha256:b89ddfdbbdaf7e3a59515dee657f6515601d55cb21a0f0f48c81aefc54ff1b73",
                "sha256:bddc75868bcf6f9ed76858a632f65f7b1846bdcefc6d637b1e359c2c68609964",
                "sha256:d29c7d87b6cbed8fecfd09dca471832384d12a69e1ab873e5effbb94adc3e966",
                "sha256:f28a42bb322b4ca6d255531bb334a2b3e21f172e37c1741bd5e66bc4b7b61f03",
                "sha256:f4581bccb786da68725d8eac7c63a8f31a89116b8761ff8b4989dc58b61d49a0",
                "sha256:f6effa1299ac549a05c784d50292e3378dbbf010346ded67400193b09ddc2f04"
            ],
            "markers": "python_version >= '3.10'",
            "version": "==1.22.1"
        },
        "packaging": {
            "hashes": [
                "sha256:29572ef2b1f17581046b3a2227d5c611fb25ec70ca1ba8554b24b0e69331a484",
                "sha256:d443872c98d677bf60f6a1f2f8c1cb748e8fe762d2bf9d3148b5599295b0fc4f"
            ],
            "markers": "python_version >= '3.8'",
            "version": "==25.0"
        },
        "protobuf": {
            "hashes": [
                "sha256:0414e3aa5a5f3ff423828e1e6a6e907d6c65c1d5b7e6e975793d5590bdeecc16",
                "sha256:426f59d2964864a1a366254fa703b8632dcec0790d8862d30034d8245e1cd447",
                "sha256:4ee898bf66f7a8b0bd21bce523814e6fbd8c6add948045ce958b73af7e8878c6",
                "sha256:6f1227473dc43d44ed644425268eb7c2e488ae245d51c6866d19fe158e207402",
                "sha256:720a6c7e6b77288b85063569baae8536671b39f15cc22037ec7045658d80489e",
                "sha256:7fa17d5a29c2e04b7d90e5e32388b8bfd0e7107cd8e616feef7ed3fa6bdab5c9",
                "sha256:8764cf4587791e7564051b35524b72844f845ad0bb011704c3736cce762d8fe9",
                "sha256:a40fc12b84c154884d7d4c4ebd675d5b3b5283e155f324049ae396b95ddebc39",
                "sha256:d8cac4c982f0b957a4dc73a80e2ea24fab08e679c0de9deb835f4a12d69aca9a"
            ],
            "markers": "python_version >= '3.9'",
            "version": "==6.31.1"
        },
        "python-dotenv": {
            "hashes": [
                "sha256:41f90bc6f5f177fb41f53e87666db362025010eb28f60a01c9143bfa33a2b2d5",
                "sha256:d7c01d9e2293916c18baf562d95698754b0dbbb5e74d457c45d4f6561fb9d55d"
            ],
            "index": "pypi",
            "markers": "python_version >= '3.9'",
            "version": "==1.1.0"
        },
        "pyyaml": {
            "hashes": [
                "sha256:01179a4a8559ab5de078078f37e5c1a30d76bb88519906844fd7bdea1b7729ff",
                "sha256:0833f8694549e586547b576dcfaba4a6b55b9e96098b36cdc7ebefe667dfed48",
                "sha256:0a9a2848a5b7feac301353437eb7d5957887edbf81d56e903999a75a3d743086",
                "sha256:0b69e4ce7a131fe56b7e4d770c67429700908fc0752af059838b1cfb41960e4e",
                "sha256:0ffe8360bab4910ef1b9e87fb812d8bc0a308b0d0eef8c8f44e0254ab3b07133",
                "sha256:11d8f3dd2b9c1207dcaf2ee0bbbfd5991f571186ec9cc78427ba5bd32afae4b5",
                "sha256:17e311b6c678207928d649faa7cb0d7b4c26a0ba73d41e99c4fff6b6c3276484",
                "sha256:1e2120ef853f59c7419231f3bf4e7021f1b936f6ebd222406c3b60212205d2ee",
                "sha256:1f71ea527786de97d1a0cc0eacd1defc0985dcf6b3f17bb77dcfc8c34bec4dc5",
                "sha256:23502f431948090f597378482b4812b0caae32c22213aecf3b55325e049a6c68",
                "sha256:24471b829b3bf607e04e88d79542a9d48bb037c2267d7927a874e6c205ca7e9a",
                "sha256:29717114e51c84ddfba879543fb232a6ed60086602313ca38cce623c1d62cfbf",
                "sha256:2e99c6826ffa974fe6e27cdb5ed0021786b03fc98e5ee3c5bfe1fd5015f42b99",
                "sha256:39693e1f8320ae4f43943590b49779ffb98acb81f788220ea932a6b6c51004d8",
                "sha256:3ad2a3decf9aaba3d29c8f537ac4b243e36bef957511b4766cb0057d32b0be85",
                "sha256:3b1fdb9dc17f5a7677423d508ab4f243a726dea51fa5e70992e59a7411c89d19",
                "sha256:41e4e3953a79407c794916fa277a82531dd93aad34e29c2a514c2c0c5fe971cc",
                "sha256:43fa96a3ca0d6b1812e01ced1044a003533c47f6ee8aca31724f78e93ccc089a",
                "sha256:50187695423ffe49e2deacb8cd10510bc361faac997de9efef88badc3bb9e2d1",
                "sha256:5ac9328ec4831237bec75defaf839f7d4564be1e6b25ac710bd1a96321cc8317",
                "sha256:5d225db5a45f21e78dd9358e58a98702a0302f2659a3c6cd320564b75b86f47c",
                "sha256:6395c297d42274772abc367baaa79683958044e5d3835486c16da75d2a694631",
                "sha256:688ba32a1cffef67fd2e9398a2efebaea461578b0923624778664cc1c914db5d",
                "sha256:68ccc6023a3400877818152ad9a1033e3db8625d899c72eacb5a668902e4d652",
                "sha256:70b189594dbe54f75ab3a1acec5f1e3faa7e8cf2f1e08d9b561cb41b845f69d5",
                "sha256:797b4f722ffa07cc8d62053e4cff1486fa6dc094105d13fea7b1de7d8bf71c9e",
                "sha256:7c36280e6fb8385e520936c3cb3b8042851904eba0e58d277dca80a5cfed590b",
                "sha256:7e7401d0de89a9a855c839bc697c079a4af81cf878373abd7dc625847d25cbd8",
                "sha256:80bab7bfc629882493af4aa31a4cfa43a4c57c83813253626916b8c7ada83476",
                "sha256:82d09873e40955485746739bcb8b4586983670466c23382c19cffecbf1fd8706",
                "sha256:8388ee1976c416731879ac16da0aff3f63b286ffdd57cdeb95f3f2e085687563",
                "sha256:8824b5a04a04a047e72eea5cec3bc266db09e35de6bdfe34c9436ac5ee27d237",
                "sha256:8b9c7197f7cb2738065c481a0461e50ad02f18c78cd75775628afb4d7137fb3b",
                "sha256:9056c1ecd25795207ad294bcf39f2db3d845767be0ea6e6a34d856f006006083",
                "sha256:936d68689298c36b53b29f23c6dbb74de12b4ac12ca6cfe0e047bedceea56180",
                "sha256:9b22676e8097e9e22e36d6b7bda33190d0d400f345f23d4065d48f4ca7ae0425",
                "sha256:a4d3091415f010369ae4ed1fc6b79def9416358877534caf6a0fdd2146c87a3e",
                "sha256:a8786accb172bd8afb8be14490a16625cbc387036876ab6ba70912730faf8e1f",
                "sha256:a9f8c2e67970f13b16084e04f134610fd1d374bf477b17ec1599185cf611d725",
                "sha256:bc2fa7c6b47d6bc618dd7fb02ef6fdedb1090ec036abab80d4681424b84c1183",
                "sha256:c70c95198c015b85feafc136515252a261a84561b7b1d51e3384e0655ddf25ab",
                "sha256:cc1c1159b3d456576af7a3e4d1ba7e6924cb39de8f67111c735f6fc832082774",
                "sha256:ce826d6ef20b1bc864f0a68340c8b3287705cae2f8b4b1d932177dcc76721725",
                "sha256:d584d9ec91ad65861cc08d42e834324ef890a082e591037abe114850ff7bbc3e",
                "sha256:d7fded462629cfa4b685c5416b949ebad6cec74af5e2d42905d41e257e0869f5",
                "sha256:d84a1718ee396f54f3a086ea0a66d8e552b2ab2017ef8b420e92edbc841c352d",
                "sha256:d8e03406cac8513435335dbab54c0d385e4a49e4945d2909a581c83647ca0290",
                "sha256:e10ce637b18caea04431ce14fabcf5c64a1c61ec9c56b071a4b7ca131ca52d44",
                "sha256:ec031d5d2feb36d1d1a24380e4db6d43695f3748343d99434e6f5f9156aaa2ed",
                "sha256:ef6107725bd54b262d6dedcc2af448a266975032bc85ef0172c5f059da6325b4",
                "sha256:efdca5630322a10774e8e98e1af481aad470dd62c3170801852d752aa7a783ba",
                "sha256:f753120cb8181e736c57ef7636e83f31b9c0d1722c516f7e86cf15b7aa57ff12",
                "sha256:ff3824dc5261f50c9b0dfb3be22b4567a6f938ccce4587b38952d85fd9e9afe4"
            ],
            "markers": "python_version >= '3.8'",
            "version": "==6.0.2"
        },
        "requests": {
            "hashes": [
                "sha256:27babd3cda2a6d50b30443204ee89830707d396671944c998b5975b031ac2b2c",
                "sha256:27d0316682c8a29834d3264820024b62a36942083d52caf2f14c0591336d3422"
            ],
            "index": "pypi",
            "markers": "python_version >= '3.8'",
            "version": "==2.32.4"
        },
        "setuptools": {
            "hashes": [
                "sha256:062d34222ad13e0cc312a4c02d73f059e86a4acbfbdea8f8f76b28c99f306922",
                "sha256:f36b47402ecde768dbfafc46e8e4207b4360c654f1f3bb84475f0a28628fb19c"
            ],
            "markers": "python_version >= '3.9'",
            "version": "==80.9.0"
        },
        "sympy": {
            "hashes": [
                "sha256:d3d3fe8df1e5a0b42f0e7bdf50541697dbe7d23746e894990c030e2b05e72517",
                "sha256:e091cc3e99d2141a0ba2847328f5479b05d94a6635cb96148ccb3f34671bd8f5"
            ],
            "markers": "python_version >= '3.9'",
            "version": "==1.14.0"
        },
        "tokenizers": {
            "hashes": [
                "sha256:1340ff877ceedfa937544b7d79f5b7becf33a4cfb58f89b3b49927004ef66f78",
                "sha256:2107ad649e2cda4488d41dfd031469e9da3fcbfd6183e74e4958fa729ffbf9c6",
                "sha256:2ccc10a7c3bcefe0f242867dc914fc1226ee44321eb618cfe3019b5df3400133",
                "sha256:39b376f5a1aee67b4d29032ee85511bbd1b99007ec735f7f35c8a2eb104eade5",
                "sha256:3c1f4317576e465ac9ef0d165b247825a2a4078bcd01cba6b54b867bdf9fdd8b",
                "sha256:3c73012da95afafdf235ba80047699df4384fdc481527448a078ffd00e45a7d9",
                "sha256:475d807a5c3eb72c59ad9b5fcdb254f6e17f53dfcbb9903233b0dfa9c943b597",
                "sha256:51b7eabb104f46c1c50b486520555715457ae833d5aee9ff6ae853d1130506ff",
                "sha256:5e2f601a8e0cd5be5cc7506b20a79112370b9b3e9cb5f13f68ab11acd6ca7d60",
                "sha256:6c42a930bc5f4c47f4ea775c91de47d27910881902b0f20e4990ebe045a415d0",
                "sha256:714b05b2e1af1288bd1bc56ce496c4cebb64a20d158ee802887757791191e6e2",
                "sha256:c212aa4e45ec0bb5274b16b6f31dd3f1c41944025c2358faaa5782c754e84c24",
                "sha256:cc88bb34e23a54cc42713d6d98af5f1bf79c07653d24fe984d2d695ba2c922a2",
                "sha256:f23186c40395fc390d27f519679a58023f368a0aad234af145e0f39ad1212732",
                "sha256:fa23f85fbc9a02ec5c6978da172cdcbac23498c3ca9f3645c5c68740ac007880"
            ],
            "markers": "python_version >= '3.9'",
            "version": "==0.21.4"
        },
        "tqdm": {
            "hashes": [
                "sha256:26445eca388f82e72884e0d580d5464cd801a3ea01e63e5601bdff9ba6a48de2",
                "sha256:f8aef9c52c08c13a65f30ea34f4e5aac3fd1a34959879d7e59e63027286627f2"
            ],
            "markers": "python_version >= '3.7'",
            "version": "==4.67.1"
        },
        "typing-extensions": {
            "hashes": [
                "sha256:38b39f4aeeab64884ce9f74c94263ef78f3c22467c8724005483154c26648d36",
                "sha256:d1e1e3b58374dc93031d6eda2420a48ea44a36c2b4766a4fdeb3710755731d76"
            ],
            "markers": "python_version >= '3.9'",
            "version": "==4.14.1"
        },
        "urllib3": {
            "hashes": [
                "sha256:3fc47733c7e419d4bc3f6b3dc2b4f890bb743906a30d56ba4a5bfa4bbff92760",
                "sha256:e6b01673c0fa6a13e374b50871808eb3bf7046c4b125b216f6bf1cc604cff0dc"
            ],
            "markers": "python_version >= '3.9'",
            "version": "==2.5.0"
        }
    },
    "develop": {}
}
